# THIS IS AN AUTOGENERATED FILE. DO NOT EDIT THIS FILE DIRECTLY.
# yarn lockfile v1


"@react-leaflet/core@^2.1.0":
  version "2.1.0"
  resolved "https://registry.yarnpkg.com/@react-leaflet/core/-/core-2.1.0.tgz#383acd31259d7c9ae8fb1b02d5e18fe613c2a13d"
  integrity sha512-Qk7Pfu8BSarKGqILj4x7bCSZ1pjuAPZ+qmRwH5S7mDS91VSbVVsJSrW4qA+GPrro8t69gFYVMWb1Zc4yFmPiVg==

leaflet@^1.9.4:
  version "1.9.4"
  resolved "https://registry.yarnpkg.com/leaflet/-/leaflet-1.9.4.tgz#23fae724e282fa25745aff82ca4d394748db7d8d"
  integrity sha512-nxS1ynzJOmOlHp+iL3FyWqK89GtNL8U8rvlMOsQdTTssxZwCXh8N2NB3GDQOL+YR3XnWyZAxwQixURb+FA74PA==

react-leaflet@^4.2.1:
  version "4.2.1"
  resolved "https://registry.yarnpkg.com/react-leaflet/-/react-leaflet-4.2.1.tgz#c300e9eccaf15cb40757552e181200aa10b94780"
  integrity sha512-p9chkvhcKrWn/H/1FFeVSqLdReGwn2qmiobOQGO3BifX+/vV/39qhY8dGqbdcPh1e6jxh/QHriLXr7a4eLFK4Q==
  dependencies:
    "@react-leaflet/core" "^2.1.0"
